
Microsoft Visual Studio Solution File, Format Version 12.00
Project("{2150E333-8FDC-42A3-9474-1A3956D46DE8}") = "src", "src", "{85017538-3779-478C-9B5B-D513B8B3F909}"
EndProject
Project("{FAE04EC0-301F-11D3-BF4B-00C04F79EFBC}") = "QueryLab.App", "QueryLab.App\QueryLab.App.csproj", "{041A7C9D-E1A3-42FD-9E61-D9CC550A39DD}"
EndProject
Global
	GlobalSection(SolutionConfigurationPlatforms) = preSolution
		Debug|Any CPU = Debug|Any CPU
		Release|Any CPU = Release|Any CPU
	EndGlobalSection
	GlobalSection(NestedProjects) = preSolution
		{041A7C9D-E1A3-42FD-9E61-D9CC550A39DD} = {85017538-3779-478C-9B5B-D513B8B3F909}
	EndGlobalSection
	GlobalSection(ProjectConfigurationPlatforms) = postSolution
		{041A7C9D-E1A3-42FD-9E61-D9CC550A39DD}.Debug|Any CPU.ActiveCfg = Debug|Any CPU
		{041A7C9D-E1A3-42FD-9E61-D9CC550A39DD}.Debug|Any CPU.Build.0 = Debug|Any CPU
		{041A7C9D-E1A3-42FD-9E61-D9CC550A39DD}.Release|Any CPU.ActiveCfg = Release|Any CPU
		{041A7C9D-E1A3-42FD-9E61-D9CC550A39DD}.Release|Any CPU.Build.0 = Release|Any CPU
	EndGlobalSection
EndGlobal
