
Microsoft Visual Studio Solution File, Format Version 12.00
Project("{2150E333-8FDC-42A3-9474-1A3956D46DE8}") = "src", "src", "{85017538-3779-478C-9B5B-D513B8B3F909}"
EndProject
Project("{FAE04EC0-301F-11D3-BF4B-00C04F79EFBC}") = "QueryLab.App", "QueryLab.App\QueryLab.App.csproj", "{041A7C9D-E1A3-42FD-9E61-D9CC550A39DD}"
EndProject
Project("{2150E333-8FDC-42A3-9474-1A3956D46DE8}") = "test", "test", "{59A44A81-FDA1-4763-AC4F-8EB51846BF48}"
EndProject
Project("{FAE04EC0-301F-11D3-BF4B-00C04F79EFBC}") = "QueryLab.Tests", "QueryLab.Tests\QueryLab.Tests.csproj", "{C1405171-7B8A-4DE4-A397-2D1CE33074A8}"
EndProject
Project("{FAE04EC0-301F-11D3-BF4B-00C04F79EFBC}") = "QueryLab.Core", "QueryLab.Core\QueryLab.Core.csproj", "{F03F2A68-B02F-4F4A-9E37-D9BABC436ECD}"
EndProject
Project("{FAE04EC0-301F-11D3-BF4B-00C04F79EFBC}") = "QueryLab.Domain", "QueryLab.Domain\QueryLab.Domain.csproj", "{F826A03B-8F2D-4783-B5B3-D6273ADE8AF5}"
EndProject
Project("{FAE04EC0-301F-11D3-BF4B-00C04F79EFBC}") = "QueryLab.DataProviders", "QueryLab.DataProviders\QueryLab.DataProviders.csproj", "{E6472201-2FE0-4AE1-9487-DBEBE5D7B7C7}"
EndProject
Project("{FAE04EC0-301F-11D3-BF4B-00C04F79EFBC}") = "QueryLab.Infrastructure", "QueryLab.Infrastructure\QueryLab.Infrastructure.csproj", "{018F5C71-1AA6-4BA1-91C8-2C58D5EEEBCF}"
EndProject
Global
	GlobalSection(SolutionConfigurationPlatforms) = preSolution
		Debug|Any CPU = Debug|Any CPU
		Release|Any CPU = Release|Any CPU
	EndGlobalSection
	GlobalSection(NestedProjects) = preSolution
		{041A7C9D-E1A3-42FD-9E61-D9CC550A39DD} = {85017538-3779-478C-9B5B-D513B8B3F909}
		{C1405171-7B8A-4DE4-A397-2D1CE33074A8} = {59A44A81-FDA1-4763-AC4F-8EB51846BF48}
		{F03F2A68-B02F-4F4A-9E37-D9BABC436ECD} = {85017538-3779-478C-9B5B-D513B8B3F909}
		{F826A03B-8F2D-4783-B5B3-D6273ADE8AF5} = {85017538-3779-478C-9B5B-D513B8B3F909}
		{E6472201-2FE0-4AE1-9487-DBEBE5D7B7C7} = {85017538-3779-478C-9B5B-D513B8B3F909}
		{018F5C71-1AA6-4BA1-91C8-2C58D5EEEBCF} = {85017538-3779-478C-9B5B-D513B8B3F909}
	EndGlobalSection
	GlobalSection(ProjectConfigurationPlatforms) = postSolution
		{041A7C9D-E1A3-42FD-9E61-D9CC550A39DD}.Debug|Any CPU.ActiveCfg = Debug|Any CPU
		{041A7C9D-E1A3-42FD-9E61-D9CC550A39DD}.Debug|Any CPU.Build.0 = Debug|Any CPU
		{041A7C9D-E1A3-42FD-9E61-D9CC550A39DD}.Release|Any CPU.ActiveCfg = Release|Any CPU
		{041A7C9D-E1A3-42FD-9E61-D9CC550A39DD}.Release|Any CPU.Build.0 = Release|Any CPU
		{C1405171-7B8A-4DE4-A397-2D1CE33074A8}.Debug|Any CPU.ActiveCfg = Debug|Any CPU
		{C1405171-7B8A-4DE4-A397-2D1CE33074A8}.Debug|Any CPU.Build.0 = Debug|Any CPU
		{C1405171-7B8A-4DE4-A397-2D1CE33074A8}.Release|Any CPU.ActiveCfg = Release|Any CPU
		{C1405171-7B8A-4DE4-A397-2D1CE33074A8}.Release|Any CPU.Build.0 = Release|Any CPU
		{F03F2A68-B02F-4F4A-9E37-D9BABC436ECD}.Debug|Any CPU.ActiveCfg = Debug|Any CPU
		{F03F2A68-B02F-4F4A-9E37-D9BABC436ECD}.Debug|Any CPU.Build.0 = Debug|Any CPU
		{F03F2A68-B02F-4F4A-9E37-D9BABC436ECD}.Release|Any CPU.ActiveCfg = Release|Any CPU
		{F03F2A68-B02F-4F4A-9E37-D9BABC436ECD}.Release|Any CPU.Build.0 = Release|Any CPU
		{F826A03B-8F2D-4783-B5B3-D6273ADE8AF5}.Debug|Any CPU.ActiveCfg = Debug|Any CPU
		{F826A03B-8F2D-4783-B5B3-D6273ADE8AF5}.Debug|Any CPU.Build.0 = Debug|Any CPU
		{F826A03B-8F2D-4783-B5B3-D6273ADE8AF5}.Release|Any CPU.ActiveCfg = Release|Any CPU
		{F826A03B-8F2D-4783-B5B3-D6273ADE8AF5}.Release|Any CPU.Build.0 = Release|Any CPU
		{E6472201-2FE0-4AE1-9487-DBEBE5D7B7C7}.Debug|Any CPU.ActiveCfg = Debug|Any CPU
		{E6472201-2FE0-4AE1-9487-DBEBE5D7B7C7}.Debug|Any CPU.Build.0 = Debug|Any CPU
		{E6472201-2FE0-4AE1-9487-DBEBE5D7B7C7}.Release|Any CPU.ActiveCfg = Release|Any CPU
		{E6472201-2FE0-4AE1-9487-DBEBE5D7B7C7}.Release|Any CPU.Build.0 = Release|Any CPU
		{018F5C71-1AA6-4BA1-91C8-2C58D5EEEBCF}.Debug|Any CPU.ActiveCfg = Debug|Any CPU
		{018F5C71-1AA6-4BA1-91C8-2C58D5EEEBCF}.Debug|Any CPU.Build.0 = Debug|Any CPU
		{018F5C71-1AA6-4BA1-91C8-2C58D5EEEBCF}.Release|Any CPU.ActiveCfg = Release|Any CPU
		{018F5C71-1AA6-4BA1-91C8-2C58D5EEEBCF}.Release|Any CPU.Build.0 = Release|Any CPU
	EndGlobalSection
EndGlobal
